Microsoft Visual Studio Solution File, Format Version 11.00
# Visual Studio 2008

Project("{1979192B-9014-06DA-F9B2-AE8DD67F6238}") = "Anpanman", "Assembly-CSharp.csproj", "{7484F731-8BD9-1AE6-65F1-35FFB7EFC60C}"
EndProject
Global
	GlobalSection(SolutionConfigurationPlatforms) = preSolution
		Debug|Any CPU = Debug|Any CPU
		Release|Any CPU = Release|Any CPU
	EndGlobalSection
	GlobalSection(ProjectConfigurationPlatforms) = postSolution
		{7484F731-8BD9-1AE6-65F1-35FFB7EFC60C}.Debug|Any CPU.ActiveCfg = Debug|Any CPU
		{7484F731-8BD9-1AE6-65F1-35FFB7EFC60C}.Debug|Any CPU.Build.0 = Debug|Any CPU
		{7484F731-8BD9-1AE6-65F1-35FFB7EFC60C}.Release|Any CPU.ActiveCfg = Release|Any CPU
		{7484F731-8BD9-1AE6-65F1-35FFB7EFC60C}.Release|Any CPU.Build.0 = Release|Any CPU
	EndGlobalSection
	GlobalSection(SolutionProperties) = preSolution
		HideSolutionNode = FALSE
	EndGlobalSection
	GlobalSection(MonoDevelopProperties) = preSolution
		StartupItem = Assembly-CSharp.csproj
	EndGlobalSection
EndGlobal
